
Microsoft Visual Studio Solution File, Format Version 12.00
# Visual Studio Version 17
VisualStudioVersion = 17.10.35013.160
MinimumVisualStudioVersion = 10.0.40219.1
Project("{FAE04EC0-301F-11D3-BF4B-00C04F79EFBC}") = "PaterrnLearning2", "PaterrnLearning2\PaterrnLearning2.csproj", "{A6D7D79D-5CAA-41DC-B27F-E823567AB161}"
EndProject
Global
	GlobalSection(SolutionConfigurationPlatforms) = preSolution
		Debug|Any CPU = Debug|Any CPU
		Release|Any CPU = Release|Any CPU
	EndGlobalSection
	GlobalSection(ProjectConfigurationPlatforms) = postSolution
		{A6D7D79D-5CAA-41DC-B27F-E823567AB161}.Debug|Any CPU.ActiveCfg = Debug|Any CPU
		{A6D7D79D-5CAA-41DC-B27F-E823567AB161}.Debug|Any CPU.Build.0 = Debug|Any CPU
		{A6D7D79D-5CAA-41DC-B27F-E823567AB161}.Release|Any CPU.ActiveCfg = Release|Any CPU
		{A6D7D79D-5CAA-41DC-B27F-E823567AB161}.Release|Any CPU.Build.0 = Release|Any CPU
	EndGlobalSection
	GlobalSection(SolutionProperties) = preSolution
		HideSolutionNode = FALSE
	EndGlobalSection
	GlobalSection(ExtensibilityGlobals) = postSolution
		SolutionGuid = {F7E5A79E-41BB-48E8-993C-D20F7ECD98FF}
	EndGlobalSection
EndGlobal
